// !$*UTF8*$!
{
	archiveVersion = 1;
	classes = {
	};
	objectVersion = 46;
	objects = {

/* Begin PBXBuildFile section */
		31DD0B9AD0CCAA4BAA59E1B0 /* Math.swift in Sources */ = {isa = PBXBuildFile; fileRef = 31DD04DED42D9E0207C1F1D8 /* Math.swift */; };
		31DD0D14973937EA19349BBD /* ShaderBuffers.swift in Sources */ = {isa = PBXBuildFile; fileRef = 31DD0C34D5428832AC7E655C /* ShaderBuffers.swift */; };
		524C0AC820196501009D8C69 /* pop_drip.wav in Resources */ = {isa = PBXBuildFile; fileRef = 524C0AC720196501009D8C69 /* pop_drip.wav */; };
		525C47BD1F5E197C00E6D2C4 /* AppDelegate.swift in Sources */ = {isa = PBXBuildFile; fileRef = 525C47BC1F5E197C00E6D2C4 /* AppDelegate.swift */; };
		525C47BF1F5E197C00E6D2C4 /* ViewController.swift in Sources */ = {isa = PBXBuildFile; fileRef = 525C47BE1F5E197C00E6D2C4 /* ViewController.swift */; };
		525C47C21F5E197C00E6D2C4 /* Main.storyboard in Resources */ = {isa = PBXBuildFile; fileRef = 525C47C01F5E197C00E6D2C4 /* Main.storyboard */; };
		525C47C41F5E197C00E6D2C4 /* Assets.xcassets in Resources */ = {isa = PBXBuildFile; fileRef = 525C47C31F5E197C00E6D2C4 /* Assets.xcassets */; };
		525C47C71F5E197C00E6D2C4 /* LaunchScreen.storyboard in Resources */ = {isa = PBXBuildFile; fileRef = 525C47C51F5E197C00E6D2C4 /* LaunchScreen.storyboard */; };
		525C489C1F5E19A200E6D2C4 /* b2BroadPhase.cpp in Sources */ = {isa = PBXBuildFile; fileRef = 525C47D51F5E19A200E6D2C4 /* b2BroadPhase.cpp */; };
		525C489D1F5E19A200E6D2C4 /* b2CollideCircle.cpp in Sources */ = {isa = PBXBuildFile; fileRef = 525C47D71F5E19A200E6D2C4 /* b2CollideCircle.cpp */; };
		525C489E1F5E19A200E6D2C4 /* b2CollideEdge.cpp in Sources */ = {isa = PBXBuildFile; fileRef = 525C47D81F5E19A200E6D2C4 /* b2CollideEdge.cpp */; };
		525C489F1F5E19A200E6D2C4 /* b2CollidePolygon.cpp in Sources */ = {isa = PBXBuildFile; fileRef = 525C47D91F5E19A200E6D2C4 /* b2CollidePolygon.cpp */; };
		525C48A01F5E19A200E6D2C4 /* b2Collision.cpp in Sources */ = {isa = PBXBuildFile; fileRef = 525C47DA1F5E19A200E6D2C4 /* b2Collision.cpp */; };
		525C48A11F5E19A200E6D2C4 /* b2Distance.cpp in Sources */ = {isa = PBXBuildFile; fileRef = 525C47DC1F5E19A200E6D2C4 /* b2Distance.cpp */; };
		525C48A21F5E19A200E6D2C4 /* b2DynamicTree.cpp in Sources */ = {isa = PBXBuildFile; fileRef = 525C47DE1F5E19A200E6D2C4 /* b2DynamicTree.cpp */; };
		525C48A31F5E19A200E6D2C4 /* b2TimeOfImpact.cpp in Sources */ = {isa = PBXBuildFile; fileRef = 525C47E01F5E19A200E6D2C4 /* b2TimeOfImpact.cpp */; };
		525C48A41F5E19A200E6D2C4 /* b2ChainShape.cpp in Sources */ = {isa = PBXBuildFile; fileRef = 525C47E31F5E19A200E6D2C4 /* b2ChainShape.cpp */; };
		525C48A51F5E19A200E6D2C4 /* b2CircleShape.cpp in Sources */ = {isa = PBXBuildFile; fileRef = 525C47E51F5E19A200E6D2C4 /* b2CircleShape.cpp */; };
		525C48A61F5E19A200E6D2C4 /* b2EdgeShape.cpp in Sources */ = {isa = PBXBuildFile; fileRef = 525C47E71F5E19A200E6D2C4 /* b2EdgeShape.cpp */; };
		525C48A71F5E19A200E6D2C4 /* b2PolygonShape.cpp in Sources */ = {isa = PBXBuildFile; fileRef = 525C47E91F5E19A200E6D2C4 /* b2PolygonShape.cpp */; };
		525C48A81F5E19A200E6D2C4 /* b2BlockAllocator.cpp in Sources */ = {isa = PBXBuildFile; fileRef = 525C47ED1F5E19A200E6D2C4 /* b2BlockAllocator.cpp */; };
		525C48A91F5E19A200E6D2C4 /* b2Draw.cpp in Sources */ = {isa = PBXBuildFile; fileRef = 525C47EF1F5E19A200E6D2C4 /* b2Draw.cpp */; };
		525C48AA1F5E19A200E6D2C4 /* b2FreeList.cpp in Sources */ = {isa = PBXBuildFile; fileRef = 525C47F11F5E19A200E6D2C4 /* b2FreeList.cpp */; };
		525C48AB1F5E19A200E6D2C4 /* b2Math.cpp in Sources */ = {isa = PBXBuildFile; fileRef = 525C47F61F5E19A200E6D2C4 /* b2Math.cpp */; };
		525C48AC1F5E19A200E6D2C4 /* b2Settings.cpp in Sources */ = {isa = PBXBuildFile; fileRef = 525C47F81F5E19A200E6D2C4 /* b2Settings.cpp */; };
		525C48AD1F5E19A200E6D2C4 /* b2StackAllocator.cpp in Sources */ = {isa = PBXBuildFile; fileRef = 525C47FB1F5E19A200E6D2C4 /* b2StackAllocator.cpp */; };
		525C48AE1F5E19A200E6D2C4 /* b2Stat.cpp in Sources */ = {isa = PBXBuildFile; fileRef = 525C47FD1F5E19A200E6D2C4 /* b2Stat.cpp */; };
		525C48AF1F5E19A200E6D2C4 /* b2Timer.cpp in Sources */ = {isa = PBXBuildFile; fileRef = 525C47FF1F5E19A200E6D2C4 /* b2Timer.cpp */; };
		525C48B01F5E19A200E6D2C4 /* b2TrackedBlock.cpp in Sources */ = {isa = PBXBuildFile; fileRef = 525C48011F5E19A200E6D2C4 /* b2TrackedBlock.cpp */; };
		525C48F41F5E19A200E6D2C4 /* b2Body.cpp in Sources */ = {isa = PBXBuildFile; fileRef = 525C484E1F5E19A200E6D2C4 /* b2Body.cpp */; };
		525C48F51F5E19A200E6D2C4 /* b2ContactManager.cpp in Sources */ = {isa = PBXBuildFile; fileRef = 525C48501F5E19A200E6D2C4 /* b2ContactManager.cpp */; };
		525C48F61F5E19A200E6D2C4 /* b2Fixture.cpp in Sources */ = {isa = PBXBuildFile; fileRef = 525C48521F5E19A200E6D2C4 /* b2Fixture.cpp */; };
		525C48F71F5E19A200E6D2C4 /* b2Island.cpp in Sources */ = {isa = PBXBuildFile; fileRef = 525C48541F5E19A200E6D2C4 /* b2Island.cpp */; };
		525C48F81F5E19A200E6D2C4 /* b2World.cpp in Sources */ = {isa = PBXBuildFile; fileRef = 525C48571F5E19A200E6D2C4 /* b2World.cpp */; };
		525C48F91F5E19A200E6D2C4 /* b2WorldCallbacks.cpp in Sources */ = {isa = PBXBuildFile; fileRef = 525C48591F5E19A200E6D2C4 /* b2WorldCallbacks.cpp */; };
		525C48FA1F5E19A200E6D2C4 /* b2ChainAndCircleContact.cpp in Sources */ = {isa = PBXBuildFile; fileRef = 525C485C1F5E19A200E6D2C4 /* b2ChainAndCircleContact.cpp */; };
		525C48FB1F5E19A200E6D2C4 /* b2ChainAndPolygonContact.cpp in Sources */ = {isa = PBXBuildFile; fileRef = 525C485E1F5E19A200E6D2C4 /* b2ChainAndPolygonContact.cpp */; };
		525C48FC1F5E19A200E6D2C4 /* b2CircleContact.cpp in Sources */ = {isa = PBXBuildFile; fileRef = 525C48601F5E19A200E6D2C4 /* b2CircleContact.cpp */; };
		525C48FD1F5E19A200E6D2C4 /* b2Contact.cpp in Sources */ = {isa = PBXBuildFile; fileRef = 525C48621F5E19A200E6D2C4 /* b2Contact.cpp */; };
		525C48FE1F5E19A200E6D2C4 /* b2ContactSolver.cpp in Sources */ = {isa = PBXBuildFile; fileRef = 525C48641F5E19A200E6D2C4 /* b2ContactSolver.cpp */; };
		525C48FF1F5E19A200E6D2C4 /* b2EdgeAndCircleContact.cpp in Sources */ = {isa = PBXBuildFile; fileRef = 525C48661F5E19A200E6D2C4 /* b2EdgeAndCircleContact.cpp */; };
		525C49001F5E19A200E6D2C4 /* b2EdgeAndPolygonContact.cpp in Sources */ = {isa = PBXBuildFile; fileRef = 525C48681F5E19A200E6D2C4 /* b2EdgeAndPolygonContact.cpp */; };
		525C49011F5E19A200E6D2C4 /* b2PolygonAndCircleContact.cpp in Sources */ = {isa = PBXBuildFile; fileRef = 525C486A1F5E19A200E6D2C4 /* b2PolygonAndCircleContact.cpp */; };
		525C49021F5E19A200E6D2C4 /* b2PolygonContact.cpp in Sources */ = {isa = PBXBuildFile; fileRef = 525C486C1F5E19A200E6D2C4 /* b2PolygonContact.cpp */; };
		525C49031F5E19A200E6D2C4 /* b2DistanceJoint.cpp in Sources */ = {isa = PBXBuildFile; fileRef = 525C486F1F5E19A200E6D2C4 /* b2DistanceJoint.cpp */; };
		525C49041F5E19A200E6D2C4 /* b2FrictionJoint.cpp in Sources */ = {isa = PBXBuildFile; fileRef = 525C48711F5E19A200E6D2C4 /* b2FrictionJoint.cpp */; };
		525C49051F5E19A200E6D2C4 /* b2GearJoint.cpp in Sources */ = {isa = PBXBuildFile; fileRef = 525C48731F5E19A200E6D2C4 /* b2GearJoint.cpp */; };
		525C49061F5E19A200E6D2C4 /* b2Joint.cpp in Sources */ = {isa = PBXBuildFile; fileRef = 525C48751F5E19A200E6D2C4 /* b2Joint.cpp */; };
		525C49071F5E19A200E6D2C4 /* b2MotorJoint.cpp in Sources */ = {isa = PBXBuildFile; fileRef = 525C48771F5E19A200E6D2C4 /* b2MotorJoint.cpp */; };
		525C49081F5E19A200E6D2C4 /* b2MouseJoint.cpp in Sources */ = {isa = PBXBuildFile; fileRef = 525C48791F5E19A200E6D2C4 /* b2MouseJoint.cpp */; };
		525C49091F5E19A200E6D2C4 /* b2PrismaticJoint.cpp in Sources */ = {isa = PBXBuildFile; fileRef = 525C487B1F5E19A200E6D2C4 /* b2PrismaticJoint.cpp */; };
		525C490A1F5E19A200E6D2C4 /* b2PulleyJoint.cpp in Sources */ = {isa = PBXBuildFile; fileRef = 525C487D1F5E19A200E6D2C4 /* b2PulleyJoint.cpp */; };
		525C490B1F5E19A200E6D2C4 /* b2RevoluteJoint.cpp in Sources */ = {isa = PBXBuildFile; fileRef = 525C487F1F5E19A200E6D2C4 /* b2RevoluteJoint.cpp */; };
		525C490C1F5E19A200E6D2C4 /* b2RopeJoint.cpp in Sources */ = {isa = PBXBuildFile; fileRef = 525C48811F5E19A200E6D2C4 /* b2RopeJoint.cpp */; };
		525C490D1F5E19A200E6D2C4 /* b2WeldJoint.cpp in Sources */ = {isa = PBXBuildFile; fileRef = 525C48831F5E19A200E6D2C4 /* b2WeldJoint.cpp */; };
		525C490E1F5E19A200E6D2C4 /* b2WheelJoint.cpp in Sources */ = {isa = PBXBuildFile; fileRef = 525C48851F5E19A200E6D2C4 /* b2WheelJoint.cpp */; };
		525C490F1F5E19A200E6D2C4 /* b2Particle.cpp in Sources */ = {isa = PBXBuildFile; fileRef = 525C48881F5E19A200E6D2C4 /* b2Particle.cpp */; };
		525C49121F5E19A200E6D2C4 /* b2ParticleGroup.cpp in Sources */ = {isa = PBXBuildFile; fileRef = 525C488D1F5E19A200E6D2C4 /* b2ParticleGroup.cpp */; };
		525C49131F5E19A200E6D2C4 /* b2ParticleSystem.cpp in Sources */ = {isa = PBXBuildFile; fileRef = 525C488F1F5E19A200E6D2C4 /* b2ParticleSystem.cpp */; };
		525C49141F5E19A200E6D2C4 /* b2VoronoiDiagram.cpp in Sources */ = {isa = PBXBuildFile; fileRef = 525C48921F5E19A200E6D2C4 /* b2VoronoiDiagram.cpp */; };
		525C49151F5E19A200E6D2C4 /* b2Rope.cpp in Sources */ = {isa = PBXBuildFile; fileRef = 525C48951F5E19A200E6D2C4 /* b2Rope.cpp */; };
		525C49191F60C6A500E6D2C4 /* LiquidFun.mm in Sources */ = {isa = PBXBuildFile; fileRef = 525C49181F60C6A500E6D2C4 /* LiquidFun.mm */; };
		525C491C1F689D3200E6D2C4 /* Shaders.metal in Sources */ = {isa = PBXBuildFile; fileRef = 525C491B1F689D3200E6D2C4 /* Shaders.metal */; };
		52B5D7282006F94500DA7389 /* Engine.swift in Sources */ = {isa = PBXBuildFile; fileRef = 52B5D7272006F94500DA7389 /* Engine.swift */; };
/* End PBXBuildFile section */

/* Begin PBXFileReference section */
		31DD04DED42D9E0207C1F1D8 /* Math.swift */ = {isa = PBXFileReference; fileEncoding = 4; lastKnownFileType = sourcecode.swift; path = Math.swift; sourceTree = "<group>"; };
		31DD0C34D5428832AC7E655C /* ShaderBuffers.swift */ = {isa = PBXFileReference; fileEncoding = 4; lastKnownFileType = sourcecode.swift; path = ShaderBuffers.swift; sourceTree = "<group>"; };
		524C0AC720196501009D8C69 /* pop_drip.wav */ = {isa = PBXFileReference; lastKnownFileType = audio.wav; path = pop_drip.wav; sourceTree = "<group>"; };
		525C47B91F5E197C00E6D2C4 /* LiquidMetal.app */ = {isa = PBXFileReference; explicitFileType = wrapper.application; includeInIndex = 0; path = LiquidMetal.app; sourceTree = BUILT_PRODUCTS_DIR; };
		525C47BC1F5E197C00E6D2C4 /* AppDelegate.swift */ = {isa = PBXFileReference; lastKnownFileType = sourcecode.swift; path = AppDelegate.swift; sourceTree = "<group>"; };
		525C47BE1F5E197C00E6D2C4 /* ViewController.swift */ = {isa = PBXFileReference; lastKnownFileType = sourcecode.swift; path = ViewController.swift; sourceTree = "<group>"; };
		525C47C11F5E197C00E6D2C4 /* Base */ = {isa = PBXFileReference; lastKnownFileType = file.storyboard; name = Base; path = Base.lproj/Main.storyboard; sourceTree = "<group>"; };
		525C47C31F5E197C00E6D2C4 /* Assets.xcassets */ = {isa = PBXFileReference; lastKnownFileType = folder.assetcatalog; path = Assets.xcassets; sourceTree = "<group>"; };
		525C47C61F5E197C00E6D2C4 /* Base */ = {isa = PBXFileReference; lastKnownFileType = file.storyboard; name = Base; path = Base.lproj/LaunchScreen.storyboard; sourceTree = "<group>"; };
		525C47C81F5E197C00E6D2C4 /* Info.plist */ = {isa = PBXFileReference; lastKnownFileType = text.plist.xml; path = Info.plist; sourceTree = "<group>"; };
		525C47CF1F5E19A200E6D2C4 /* Box2D.h */ = {isa = PBXFileReference; fileEncoding = 4; lastKnownFileType = sourcecode.c.h; path = Box2D.h; sourceTree = "<group>"; };
		525C47D51F5E19A200E6D2C4 /* b2BroadPhase.cpp */ = {isa = PBXFileReference; fileEncoding = 4; lastKnownFileType = sourcecode.cpp.cpp; path = b2BroadPhase.cpp; sourceTree = "<group>"; };
		525C47D61F5E19A200E6D2C4 /* b2BroadPhase.h */ = {isa = PBXFileReference; fileEncoding = 4; lastKnownFileType = sourcecode.c.h; path = b2BroadPhase.h; sourceTree = "<group>"; };
		525C47D71F5E19A200E6D2C4 /* b2CollideCircle.cpp */ = {isa = PBXFileReference; fileEncoding = 4; lastKnownFileType = sourcecode.cpp.cpp; path = b2CollideCircle.cpp; sourceTree = "<group>"; };
		525C47D81F5E19A200E6D2C4 /* b2CollideEdge.cpp */ = {isa = PBXFileReference; fileEncoding = 4; lastKnownFileType = sourcecode.cpp.cpp; path = b2CollideEdge.cpp; sourceTree = "<group>"; };
		525C47D91F5E19A200E6D2C4 /* b2CollidePolygon.cpp */ = {isa = PBXFileReference; fileEncoding = 4; lastKnownFileType = sourcecode.cpp.cpp; path = b2CollidePolygon.cpp; sourceTree = "<group>"; };
		525C47DA1F5E19A200E6D2C4 /* b2Collision.cpp */ = {isa = PBXFileReference; fileEncoding = 4; lastKnownFileType = sourcecode.cpp.cpp; path = b2Collision.cpp; sourceTree = "<group>"; };
		525C47DB1F5E19A200E6D2C4 /* b2Collision.h */ = {isa = PBXFileReference; fileEncoding = 4; lastKnownFileType = sourcecode.c.h; path = b2Collision.h; sourceTree = "<group>"; };
		525C47DC1F5E19A200E6D2C4 /* b2Distance.cpp */ = {isa = PBXFileReference; fileEncoding = 4; lastKnownFileType = sourcecode.cpp.cpp; path = b2Distance.cpp; sourceTree = "<group>"; };
		525C47DD1F5E19A200E6D2C4 /* b2Distance.h */ = {isa = PBXFileReference; fileEncoding = 4; lastKnownFileType = sourcecode.c.h; path = b2Distance.h; sourceTree = "<group>"; };
		525C47DE1F5E19A200E6D2C4 /* b2DynamicTree.cpp */ = {isa = PBXFileReference; fileEncoding = 4; lastKnownFileType = sourcecode.cpp.cpp; path = b2DynamicTree.cpp; sourceTree = "<group>"; };
		525C47DF1F5E19A200E6D2C4 /* b2DynamicTree.h */ = {isa = PBXFileReference; fileEncoding = 4; lastKnownFileType = sourcecode.c.h; path = b2DynamicTree.h; sourceTree = "<group>"; };
		525C47E01F5E19A200E6D2C4 /* b2TimeOfImpact.cpp */ = {isa = PBXFileReference; fileEncoding = 4; lastKnownFileType = sourcecode.cpp.cpp; path = b2TimeOfImpact.cpp; sourceTree = "<group>"; };
		525C47E11F5E19A200E6D2C4 /* b2TimeOfImpact.h */ = {isa = PBXFileReference; fileEncoding = 4; lastKnownFileType = sourcecode.c.h; path = b2TimeOfImpact.h; sourceTree = "<group>"; };
		525C47E31F5E19A200E6D2C4 /* b2ChainShape.cpp */ = {isa = PBXFileReference; fileEncoding = 4; lastKnownFileType = sourcecode.cpp.cpp; path = b2ChainShape.cpp; sourceTree = "<group>"; };
		525C47E41F5E19A200E6D2C4 /* b2ChainShape.h */ = {isa = PBXFileReference; fileEncoding = 4; lastKnownFileType = sourcecode.c.h; path = b2ChainShape.h; sourceTree = "<group>"; };
		525C47E51F5E19A200E6D2C4 /* b2CircleShape.cpp */ = {isa = PBXFileReference; fileEncoding = 4; lastKnownFileType = sourcecode.cpp.cpp; path = b2CircleShape.cpp; sourceTree = "<group>"; };
		525C47E61F5E19A200E6D2C4 /* b2CircleShape.h */ = {isa = PBXFileReference; fileEncoding = 4; lastKnownFileType = sourcecode.c.h; path = b2CircleShape.h; sourceTree = "<group>"; };
		525C47E71F5E19A200E6D2C4 /* b2EdgeShape.cpp */ = {isa = PBXFileReference; fileEncoding = 4; lastKnownFileType = sourcecode.cpp.cpp; path = b2EdgeShape.cpp; sourceTree = "<group>"; };
		525C47E81F5E19A200E6D2C4 /* b2EdgeShape.h */ = {isa = PBXFileReference; fileEncoding = 4; lastKnownFileType = sourcecode.c.h; path = b2EdgeShape.h; sourceTree = "<group>"; };
		525C47E91F5E19A200E6D2C4 /* b2PolygonShape.cpp */ = {isa = PBXFileReference; fileEncoding = 4; lastKnownFileType = sourcecode.cpp.cpp; path = b2PolygonShape.cpp; sourceTree = "<group>"; };
		525C47EA1F5E19A200E6D2C4 /* b2PolygonShape.h */ = {isa = PBXFileReference; fileEncoding = 4; lastKnownFileType = sourcecode.c.h; path = b2PolygonShape.h; sourceTree = "<group>"; };
		525C47EB1F5E19A200E6D2C4 /* b2Shape.h */ = {isa = PBXFileReference; fileEncoding = 4; lastKnownFileType = sourcecode.c.h; path = b2Shape.h; sourceTree = "<group>"; };
		525C47ED1F5E19A200E6D2C4 /* b2BlockAllocator.cpp */ = {isa = PBXFileReference; fileEncoding = 4; lastKnownFileType = sourcecode.cpp.cpp; path = b2BlockAllocator.cpp; sourceTree = "<group>"; };
		525C47EE1F5E19A200E6D2C4 /* b2BlockAllocator.h */ = {isa = PBXFileReference; fileEncoding = 4; lastKnownFileType = sourcecode.c.h; path = b2BlockAllocator.h; sourceTree = "<group>"; };
		525C47EF1F5E19A200E6D2C4 /* b2Draw.cpp */ = {isa = PBXFileReference; fileEncoding = 4; lastKnownFileType = sourcecode.cpp.cpp; path = b2Draw.cpp; sourceTree = "<group>"; };
		525C47F01F5E19A200E6D2C4 /* b2Draw.h */ = {isa = PBXFileReference; fileEncoding = 4; lastKnownFileType = sourcecode.c.h; path = b2Draw.h; sourceTree = "<group>"; };
		525C47F11F5E19A200E6D2C4 /* b2FreeList.cpp */ = {isa = PBXFileReference; fileEncoding = 4; lastKnownFileType = sourcecode.cpp.cpp; path = b2FreeList.cpp; sourceTree = "<group>"; };
		525C47F21F5E19A200E6D2C4 /* b2FreeList.h */ = {isa = PBXFileReference; fileEncoding = 4; lastKnownFileType = sourcecode.c.h; path = b2FreeList.h; sourceTree = "<group>"; };
		525C47F31F5E19A200E6D2C4 /* b2GrowableBuffer.h */ = {isa = PBXFileReference; fileEncoding = 4; lastKnownFileType = sourcecode.c.h; path = b2GrowableBuffer.h; sourceTree = "<group>"; };
		525C47F41F5E19A200E6D2C4 /* b2GrowableStack.h */ = {isa = PBXFileReference; fileEncoding = 4; lastKnownFileType = sourcecode.c.h; path = b2GrowableStack.h; sourceTree = "<group>"; };
		525C47F51F5E19A200E6D2C4 /* b2IntrusiveList.h */ = {isa = PBXFileReference; fileEncoding = 4; lastKnownFileType = sourcecode.c.h; path = b2IntrusiveList.h; sourceTree = "<group>"; };
		525C47F61F5E19A200E6D2C4 /* b2Math.cpp */ = {isa = PBXFileReference; fileEncoding = 4; lastKnownFileType = sourcecode.cpp.cpp; path = b2Math.cpp; sourceTree = "<group>"; };
		525C47F71F5E19A200E6D2C4 /* b2Math.h */ = {isa = PBXFileReference; fileEncoding = 4; lastKnownFileType = sourcecode.c.h; path = b2Math.h; sourceTree = "<group>"; };
		525C47F81F5E19A200E6D2C4 /* b2Settings.cpp */ = {isa = PBXFileReference; fileEncoding = 4; lastKnownFileType = sourcecode.cpp.cpp; path = b2Settings.cpp; sourceTree = "<group>"; };
		525C47F91F5E19A200E6D2C4 /* b2Settings.h */ = {isa = PBXFileReference; fileEncoding = 4; lastKnownFileType = sourcecode.c.h; path = b2Settings.h; sourceTree = "<group>"; };
		525C47FA1F5E19A200E6D2C4 /* b2SlabAllocator.h */ = {isa = PBXFileReference; fileEncoding = 4; lastKnownFileType = sourcecode.c.h; path = b2SlabAllocator.h; sourceTree = "<group>"; };
		525C47FB1F5E19A200E6D2C4 /* b2StackAllocator.cpp */ = {isa = PBXFileReference; fileEncoding = 4; lastKnownFileType = sourcecode.cpp.cpp; path = b2StackAllocator.cpp; sourceTree = "<group>"; };
		525C47FC1F5E19A200E6D2C4 /* b2StackAllocator.h */ = {isa = PBXFileReference; fileEncoding = 4; lastKnownFileType = sourcecode.c.h; path = b2StackAllocator.h; sourceTree = "<group>"; };
		525C47FD1F5E19A200E6D2C4 /* b2Stat.cpp */ = {isa = PBXFileReference; fileEncoding = 4; lastKnownFileType = sourcecode.cpp.cpp; path = b2Stat.cpp; sourceTree = "<group>"; };
		525C47FE1F5E19A200E6D2C4 /* b2Stat.h */ = {isa = PBXFileReference; fileEncoding = 4; lastKnownFileType = sourcecode.c.h; path = b2Stat.h; sourceTree = "<group>"; };
		525C47FF1F5E19A200E6D2C4 /* b2Timer.cpp */ = {isa = PBXFileReference; fileEncoding = 4; lastKnownFileType = sourcecode.cpp.cpp; path = b2Timer.cpp; sourceTree = "<group>"; };
		525C48001F5E19A200E6D2C4 /* b2Timer.h */ = {isa = PBXFileReference; fileEncoding = 4; lastKnownFileType = sourcecode.c.h; path = b2Timer.h; sourceTree = "<group>"; };
		525C48011F5E19A200E6D2C4 /* b2TrackedBlock.cpp */ = {isa = PBXFileReference; fileEncoding = 4; lastKnownFileType = sourcecode.cpp.cpp; path = b2TrackedBlock.cpp; sourceTree = "<group>"; };
		525C48021F5E19A200E6D2C4 /* b2TrackedBlock.h */ = {isa = PBXFileReference; fileEncoding = 4; lastKnownFileType = sourcecode.c.h; path = b2TrackedBlock.h; sourceTree = "<group>"; };
		525C484E1F5E19A200E6D2C4 /* b2Body.cpp */ = {isa = PBXFileReference; fileEncoding = 4; lastKnownFileType = sourcecode.cpp.cpp; path = b2Body.cpp; sourceTree = "<group>"; };
		525C484F1F5E19A200E6D2C4 /* b2Body.h */ = {isa = PBXFileReference; fileEncoding = 4; lastKnownFileType = sourcecode.c.h; path = b2Body.h; sourceTree = "<group>"; };
		525C48501F5E19A200E6D2C4 /* b2ContactManager.cpp */ = {isa = PBXFileReference; fileEncoding = 4; lastKnownFileType = sourcecode.cpp.cpp; path = b2ContactManager.cpp; sourceTree = "<group>"; };
		525C48511F5E19A200E6D2C4 /* b2ContactManager.h */ = {isa = PBXFileReference; fileEncoding = 4; lastKnownFileType = sourcecode.c.h; path = b2ContactManager.h; sourceTree = "<group>"; };
		525C48521F5E19A200E6D2C4 /* b2Fixture.cpp */ = {isa = PBXFileReference; fileEncoding = 4; lastKnownFileType = sourcecode.cpp.cpp; path = b2Fixture.cpp; sourceTree = "<group>"; };
		525C48531F5E19A200E6D2C4 /* b2Fixture.h */ = {isa = PBXFileReference; fileEncoding = 4; lastKnownFileType = sourcecode.c.h; path = b2Fixture.h; sourceTree = "<group>"; };
		525C48541F5E19A200E6D2C4 /* b2Island.cpp */ = {isa = PBXFileReference; fileEncoding = 4; lastKnownFileType = sourcecode.cpp.cpp; path = b2Island.cpp; sourceTree = "<group>"; };
		525C48551F5E19A200E6D2C4 /* b2Island.h */ = {isa = PBXFileReference; fileEncoding = 4; lastKnownFileType = sourcecode.c.h; path = b2Island.h; sourceTree = "<group>"; };
		525C48561F5E19A200E6D2C4 /* b2TimeStep.h */ = {isa = PBXFileReference; fileEncoding = 4; lastKnownFileType = sourcecode.c.h; path = b2TimeStep.h; sourceTree = "<group>"; };
		525C48571F5E19A200E6D2C4 /* b2World.cpp */ = {isa = PBXFileReference; fileEncoding = 4; lastKnownFileType = sourcecode.cpp.cpp; path = b2World.cpp; sourceTree = "<group>"; };
		525C48581F5E19A200E6D2C4 /* b2World.h */ = {isa = PBXFileReference; fileEncoding = 4; lastKnownFileType = sourcecode.c.h; path = b2World.h; sourceTree = "<group>"; };
		525C48591F5E19A200E6D2C4 /* b2WorldCallbacks.cpp */ = {isa = PBXFileReference; fileEncoding = 4; lastKnownFileType = sourcecode.cpp.cpp; path = b2WorldCallbacks.cpp; sourceTree = "<group>"; };
		525C485A1F5E19A200E6D2C4 /* b2WorldCallbacks.h */ = {isa = PBXFileReference; fileEncoding = 4; lastKnownFileType = sourcecode.c.h; path = b2WorldCallbacks.h; sourceTree = "<group>"; };
		525C485C1F5E19A200E6D2C4 /* b2ChainAndCircleContact.cpp */ = {isa = PBXFileReference; fileEncoding = 4; lastKnownFileType = sourcecode.cpp.cpp; path = b2ChainAndCircleContact.cpp; sourceTree = "<group>"; };
		525C485D1F5E19A200E6D2C4 /* b2ChainAndCircleContact.h */ = {isa = PBXFileReference; fileEncoding = 4; lastKnownFileType = sourcecode.c.h; path = b2ChainAndCircleContact.h; sourceTree = "<group>"; };
		525C485E1F5E19A200E6D2C4 /* b2ChainAndPolygonContact.cpp */ = {isa = PBXFileReference; fileEncoding = 4; lastKnownFileType = sourcecode.cpp.cpp; path = b2ChainAndPolygonContact.cpp; sourceTree = "<group>"; };
		525C485F1F5E19A200E6D2C4 /* b2ChainAndPolygonContact.h */ = {isa = PBXFileReference; fileEncoding = 4; lastKnownFileType = sourcecode.c.h; path = b2ChainAndPolygonContact.h; sourceTree = "<group>"; };
		525C48601F5E19A200E6D2C4 /* b2CircleContact.cpp */ = {isa = PBXFileReference; fileEncoding = 4; lastKnownFileType = sourcecode.cpp.cpp; path = b2CircleContact.cpp; sourceTree = "<group>"; };
		525C48611F5E19A200E6D2C4 /* b2CircleContact.h */ = {isa = PBXFileReference; fileEncoding = 4; lastKnownFileType = sourcecode.c.h; path = b2CircleContact.h; sourceTree = "<group>"; };
		525C48621F5E19A200E6D2C4 /* b2Contact.cpp */ = {isa = PBXFileReference; fileEncoding = 4; lastKnownFileType = sourcecode.cpp.cpp; path = b2Contact.cpp; sourceTree = "<group>"; };
		525C48631F5E19A200E6D2C4 /* b2Contact.h */ = {isa = PBXFileReference; fileEncoding = 4; lastKnownFileType = sourcecode.c.h; path = b2Contact.h; sourceTree = "<group>"; };
		525C48641F5E19A200E6D2C4 /* b2ContactSolver.cpp */ = {isa = PBXFileReference; fileEncoding = 4; lastKnownFileType = sourcecode.cpp.cpp; path = b2ContactSolver.cpp; sourceTree = "<group>"; };
		525C48651F5E19A200E6D2C4 /* b2ContactSolver.h */ = {isa = PBXFileReference; fileEncoding = 4; lastKnownFileType = sourcecode.c.h; path = b2ContactSolver.h; sourceTree = "<group>"; };
		525C48661F5E19A200E6D2C4 /* b2EdgeAndCircleContact.cpp */ = {isa = PBXFileReference; fileEncoding = 4; lastKnownFileType = sourcecode.cpp.cpp; path = b2EdgeAndCircleContact.cpp; sourceTree = "<group>"; };
		525C48671F5E19A200E6D2C4 /* b2EdgeAndCircleContact.h */ = {isa = PBXFileReference; fileEncoding = 4; lastKnownFileType = sourcecode.c.h; path = b2EdgeAndCircleContact.h; sourceTree = "<group>"; };
		525C48681F5E19A200E6D2C4 /* b2EdgeAndPolygonContact.cpp */ = {isa = PBXFileReference; fileEncoding = 4; lastKnownFileType = sourcecode.cpp.cpp; path = b2EdgeAndPolygonContact.cpp; sourceTree = "<group>"; };
		525C48691F5E19A200E6D2C4 /* b2EdgeAndPolygonContact.h */ = {isa = PBXFileReference; fileEncoding = 4; lastKnownFileType = sourcecode.c.h; path = b2EdgeAndPolygonContact.h; sourceTree = "<group>"; };
		525C486A1F5E19A200E6D2C4 /* b2PolygonAndCircleContact.cpp */ = {isa = PBXFileReference; fileEncoding = 4; lastKnownFileType = sourcecode.cpp.cpp; path = b2PolygonAndCircleContact.cpp; sourceTree = "<group>"; };
		525C486B1F5E19A200E6D2C4 /* b2PolygonAndCircleContact.h */ = {isa = PBXFileReference; fileEncoding = 4; lastKnownFileType = sourcecode.c.h; path = b2PolygonAndCircleContact.h; sourceTree = "<group>"; };
		525C486C1F5E19A200E6D2C4 /* b2PolygonContact.cpp */ = {isa = PBXFileReference; fileEncoding = 4; lastKnownFileType = sourcecode.cpp.cpp; path = b2PolygonContact.cpp; sourceTree = "<group>"; };
		525C486D1F5E19A200E6D2C4 /* b2PolygonContact.h */ = {isa = PBXFileReference; fileEncoding = 4; lastKnownFileType = sourcecode.c.h; path = b2PolygonContact.h; sourceTree = "<group>"; };
		525C486F1F5E19A200E6D2C4 /* b2DistanceJoint.cpp */ = {isa = PBXFileReference; fileEncoding = 4; lastKnownFileType = sourcecode.cpp.cpp; path = b2DistanceJoint.cpp; sourceTree = "<group>"; };
		525C48701F5E19A200E6D2C4 /* b2DistanceJoint.h */ = {isa = PBXFileReference; fileEncoding = 4; lastKnownFileType = sourcecode.c.h; path = b2DistanceJoint.h; sourceTree = "<group>"; };
		525C48711F5E19A200E6D2C4 /* b2FrictionJoint.cpp */ = {isa = PBXFileReference; fileEncoding = 4; lastKnownFileType = sourcecode.cpp.cpp; path = b2FrictionJoint.cpp; sourceTree = "<group>"; };
		525C48721F5E19A200E6D2C4 /* b2FrictionJoint.h */ = {isa = PBXFileReference; fileEncoding = 4; lastKnownFileType = sourcecode.c.h; path = b2FrictionJoint.h; sourceTree = "<group>"; };
		525C48731F5E19A200E6D2C4 /* b2GearJoint.cpp */ = {isa = PBXFileReference; fileEncoding = 4; lastKnownFileType = sourcecode.cpp.cpp; path = b2GearJoint.cpp; sourceTree = "<group>"; };
		525C48741F5E19A200E6D2C4 /* b2GearJoint.h */ = {isa = PBXFileReference; fileEncoding = 4; lastKnownFileType = sourcecode.c.h; path = b2GearJoint.h; sourceTree = "<group>"; };
		525C48751F5E19A200E6D2C4 /* b2Joint.cpp */ = {isa = PBXFileReference; fileEncoding = 4; lastKnownFileType = sourcecode.cpp.cpp; path = b2Joint.cpp; sourceTree = "<group>"; };
		525C48761F5E19A200E6D2C4 /* b2Joint.h */ = {isa = PBXFileReference; fileEncoding = 4; lastKnownFileType = sourcecode.c.h; path = b2Joint.h; sourceTree = "<group>"; };
		525C48771F5E19A200E6D2C4 /* b2MotorJoint.cpp */ = {isa = PBXFileReference; fileEncoding = 4; lastKnownFileType = sourcecode.cpp.cpp; path = b2MotorJoint.cpp; sourceTree = "<group>"; };
		525C48781F5E19A200E6D2C4 /* b2MotorJoint.h */ = {isa = PBXFileReference; fileEncoding = 4; lastKnownFileType = sourcecode.c.h; path = b2MotorJoint.h; sourceTree = "<group>"; };
		525C48791F5E19A200E6D2C4 /* b2MouseJoint.cpp */ = {isa = PBXFileReference; fileEncoding = 4; lastKnownFileType = sourcecode.cpp.cpp; path = b2MouseJoint.cpp; sourceTree = "<group>"; };
		525C487A1F5E19A200E6D2C4 /* b2MouseJoint.h */ = {isa = PBXFileReference; fileEncoding = 4; lastKnownFileType = sourcecode.c.h; path = b2MouseJoint.h; sourceTree = "<group>"; };
		525C487B1F5E19A200E6D2C4 /* b2PrismaticJoint.cpp */ = {isa = PBXFileReference; fileEncoding = 4; lastKnownFileType = sourcecode.cpp.cpp; path = b2PrismaticJoint.cpp; sourceTree = "<group>"; };
		525C487C1F5E19A200E6D2C4 /* b2PrismaticJoint.h */ = {isa = PBXFileReference; fileEncoding = 4; lastKnownFileType = sourcecode.c.h; path = b2PrismaticJoint.h; sourceTree = "<group>"; };
		525C487D1F5E19A200E6D2C4 /* b2PulleyJoint.cpp */ = {isa = PBXFileReference; fileEncoding = 4; lastKnownFileType = sourcecode.cpp.cpp; path = b2PulleyJoint.cpp; sourceTree = "<group>"; };
		525C487E1F5E19A200E6D2C4 /* b2PulleyJoint.h */ = {isa = PBXFileReference; fileEncoding = 4; lastKnownFileType = sourcecode.c.h; path = b2PulleyJoint.h; sourceTree = "<group>"; };
		525C487F1F5E19A200E6D2C4 /* b2RevoluteJoint.cpp */ = {isa = PBXFileReference; fileEncoding = 4; lastKnownFileType = sourcecode.cpp.cpp; path = b2RevoluteJoint.cpp; sourceTree = "<group>"; };
		525C48801F5E19A200E6D2C4 /* b2RevoluteJoint.h */ = {isa = PBXFileReference; fileEncoding = 4; lastKnownFileType = sourcecode.c.h; path = b2RevoluteJoint.h; sourceTree = "<group>"; };
		525C48811F5E19A200E6D2C4 /* b2RopeJoint.cpp */ = {isa = PBXFileReference; fileEncoding = 4; lastKnownFileType = sourcecode.cpp.cpp; path = b2RopeJoint.cpp; sourceTree = "<group>"; };
		525C48821F5E19A200E6D2C4 /* b2RopeJoint.h */ = {isa = PBXFileReference; fileEncoding = 4; lastKnownFileType = sourcecode.c.h; path = b2RopeJoint.h; sourceTree = "<group>"; };
		525C48831F5E19A200E6D2C4 /* b2WeldJoint.cpp */ = {isa = PBXFileReference; fileEncoding = 4; lastKnownFileType = sourcecode.cpp.cpp; path = b2WeldJoint.cpp; sourceTree = "<group>"; };
		525C48841F5E19A200E6D2C4 /* b2WeldJoint.h */ = {isa = PBXFileReference; fileEncoding = 4; lastKnownFileType = sourcecode.c.h; path = b2WeldJoint.h; sourceTree = "<group>"; };
		525C48851F5E19A200E6D2C4 /* b2WheelJoint.cpp */ = {isa = PBXFileReference; fileEncoding = 4; lastKnownFileType = sourcecode.cpp.cpp; path = b2WheelJoint.cpp; sourceTree = "<group>"; };
		525C48861F5E19A200E6D2C4 /* b2WheelJoint.h */ = {isa = PBXFileReference; fileEncoding = 4; lastKnownFileType = sourcecode.c.h; path = b2WheelJoint.h; sourceTree = "<group>"; };
		525C48881F5E19A200E6D2C4 /* b2Particle.cpp */ = {isa = PBXFileReference; fileEncoding = 4; lastKnownFileType = sourcecode.cpp.cpp; path = b2Particle.cpp; sourceTree = "<group>"; };
		525C48891F5E19A200E6D2C4 /* b2Particle.h */ = {isa = PBXFileReference; fileEncoding = 4; lastKnownFileType = sourcecode.c.h; path = b2Particle.h; sourceTree = "<group>"; };
		525C488D1F5E19A200E6D2C4 /* b2ParticleGroup.cpp */ = {isa = PBXFileReference; fileEncoding = 4; lastKnownFileType = sourcecode.cpp.cpp; path = b2ParticleGroup.cpp; sourceTree = "<group>"; };
		525C488E1F5E19A200E6D2C4 /* b2ParticleGroup.h */ = {isa = PBXFileReference; fileEncoding = 4; lastKnownFileType = sourcecode.c.h; path = b2ParticleGroup.h; sourceTree = "<group>"; };
		525C488F1F5E19A200E6D2C4 /* b2ParticleSystem.cpp */ = {isa = PBXFileReference; fileEncoding = 4; lastKnownFileType = sourcecode.cpp.cpp; path = b2ParticleSystem.cpp; sourceTree = "<group>"; };
		525C48901F5E19A200E6D2C4 /* b2ParticleSystem.h */ = {isa = PBXFileReference; fileEncoding = 4; lastKnownFileType = sourcecode.c.h; path = b2ParticleSystem.h; sourceTree = "<group>"; };
		525C48911F5E19A200E6D2C4 /* b2StackQueue.h */ = {isa = PBXFileReference; fileEncoding = 4; lastKnownFileType = sourcecode.c.h; path = b2StackQueue.h; sourceTree = "<group>"; };
		525C48921F5E19A200E6D2C4 /* b2VoronoiDiagram.cpp */ = {isa = PBXFileReference; fileEncoding = 4; lastKnownFileType = sourcecode.cpp.cpp; path = b2VoronoiDiagram.cpp; sourceTree = "<group>"; };
		525C48931F5E19A200E6D2C4 /* b2VoronoiDiagram.h */ = {isa = PBXFileReference; fileEncoding = 4; lastKnownFileType = sourcecode.c.h; path = b2VoronoiDiagram.h; sourceTree = "<group>"; };
		525C48951F5E19A200E6D2C4 /* b2Rope.cpp */ = {isa = PBXFileReference; fileEncoding = 4; lastKnownFileType = sourcecode.cpp.cpp; path = b2Rope.cpp; sourceTree = "<group>"; };
		525C48961F5E19A200E6D2C4 /* b2Rope.h */ = {isa = PBXFileReference; fileEncoding = 4; lastKnownFileType = sourcecode.c.h; path = b2Rope.h; sourceTree = "<group>"; };
		525C49171F60C6A500E6D2C4 /* LiquidFun.h */ = {isa = PBXFileReference; fileEncoding = 4; lastKnownFileType = sourcecode.c.h; path = LiquidFun.h; sourceTree = "<group>"; };
		525C49181F60C6A500E6D2C4 /* LiquidFun.mm */ = {isa = PBXFileReference; fileEncoding = 4; lastKnownFileType = sourcecode.cpp.objcpp; path = LiquidFun.mm; sourceTree = "<group>"; };
		525C491A1F60C76700E6D2C4 /* BridgingHeader.h */ = {isa = PBXFileReference; lastKnownFileType = sourcecode.c.h; path = BridgingHeader.h; sourceTree = "<group>"; };
		525C491B1F689D3200E6D2C4 /* Shaders.metal */ = {isa = PBXFileReference; fileEncoding = 4; lastKnownFileType = sourcecode.metal; path = Shaders.metal; sourceTree = "<group>"; };
		52B5D7272006F94500DA7389 /* Engine.swift */ = {isa = PBXFileReference; lastKnownFileType = sourcecode.swift; path = Engine.swift; sourceTree = "<group>"; };
/* End PBXFileReference section */

/* Begin PBXFrameworksBuildPhase section */
		525C47B61F5E197C00E6D2C4 /* Frameworks */ = {
			isa = PBXFrameworksBuildPhase;
			buildActionMask = 2147483647;
			files = (
			);
			runOnlyForDeploymentPostprocessing = 0;
		};
/* End PBXFrameworksBuildPhase section */

/* Begin PBXGroup section */
		524C0AC6201964E9009D8C69 /* SoundAssets */ = {
			isa = PBXGroup;
			children = (
				524C0AC720196501009D8C69 /* pop_drip.wav */,
			);
			path = SoundAssets;
			sourceTree = "<group>";
		};
		525C47B01F5E197C00E6D2C4 = {
			isa = PBXGroup;
			children = (
				525C47BB1F5E197C00E6D2C4 /* LiquidMetal */,
				525C47BA1F5E197C00E6D2C4 /* Products */,
			);
			sourceTree = "<group>";
		};
		525C47BA1F5E197C00E6D2C4 /* Products */ = {
			isa = PBXGroup;
			children = (
				525C47B91F5E197C00E6D2C4 /* LiquidMetal.app */,
			);
			name = Products;
			sourceTree = "<group>";
		};
		525C47BB1F5E197C00E6D2C4 /* LiquidMetal */ = {
			isa = PBXGroup;
			children = (
				525C47CE1F5E19A200E6D2C4 /* Box2D */,
				524C0AC6201964E9009D8C69 /* SoundAssets */,
				525C47BC1F5E197C00E6D2C4 /* AppDelegate.swift */,
				525C47BE1F5E197C00E6D2C4 /* ViewController.swift */,
				52B5D7272006F94500DA7389 /* Engine.swift */,
				525C49171F60C6A500E6D2C4 /* LiquidFun.h */,
				525C49181F60C6A500E6D2C4 /* LiquidFun.mm */,
				525C491A1F60C76700E6D2C4 /* BridgingHeader.h */,
				525C491B1F689D3200E6D2C4 /* Shaders.metal */,
				31DD0C34D5428832AC7E655C /* ShaderBuffers.swift */,
				31DD04DED42D9E0207C1F1D8 /* Math.swift */,
				525C47C31F5E197C00E6D2C4 /* Assets.xcassets */,
				525C47C51F5E197C00E6D2C4 /* LaunchScreen.storyboard */,
				525C47C01F5E197C00E6D2C4 /* Main.storyboard */,
				525C47C81F5E197C00E6D2C4 /* Info.plist */,
			);
			path = LiquidMetal;
			sourceTree = "<group>";
		};
		525C47CE1F5E19A200E6D2C4 /* Box2D */ = {
			isa = PBXGroup;
			children = (
				525C47CF1F5E19A200E6D2C4 /* Box2D.h */,
				525C47D41F5E19A200E6D2C4 /* Collision */,
				525C47EC1F5E19A200E6D2C4 /* Common */,
				525C484D1F5E19A200E6D2C4 /* Dynamics */,
				525C48871F5E19A200E6D2C4 /* Particle */,
				525C48941F5E19A200E6D2C4 /* Rope */,
			);
			path = Box2D;
			sourceTree = "<group>";
		};
		525C47D41F5E19A200E6D2C4 /* Collision */ = {
			isa = PBXGroup;
			children = (
				525C47D51F5E19A200E6D2C4 /* b2BroadPhase.cpp */,
				525C47D61F5E19A200E6D2C4 /* b2BroadPhase.h */,
				525C47D71F5E19A200E6D2C4 /* b2CollideCircle.cpp */,
				525C47D81F5E19A200E6D2C4 /* b2CollideEdge.cpp */,
				525C47D91F5E19A200E6D2C4 /* b2CollidePolygon.cpp */,
				525C47DA1F5E19A200E6D2C4 /* b2Collision.cpp */,
				525C47DB1F5E19A200E6D2C4 /* b2Collision.h */,
				525C47DC1F5E19A200E6D2C4 /* b2Distance.cpp */,
				525C47DD1F5E19A200E6D2C4 /* b2Distance.h */,
				525C47DE1F5E19A200E6D2C4 /* b2DynamicTree.cpp */,
				525C47DF1F5E19A200E6D2C4 /* b2DynamicTree.h */,
				525C47E01F5E19A200E6D2C4 /* b2TimeOfImpact.cpp */,
				525C47E11F5E19A200E6D2C4 /* b2TimeOfImpact.h */,
				525C47E21F5E19A200E6D2C4 /* Shapes */,
			);
			path = Collision;
			sourceTree = "<group>";
		};
		525C47E21F5E19A200E6D2C4 /* Shapes */ = {
			isa = PBXGroup;
			children = (
				525C47E31F5E19A200E6D2C4 /* b2ChainShape.cpp */,
				525C47E41F5E19A200E6D2C4 /* b2ChainShape.h */,
				525C47E51F5E19A200E6D2C4 /* b2CircleShape.cpp */,
				525C47E61F5E19A200E6D2C4 /* b2CircleShape.h */,
				525C47E71F5E19A200E6D2C4 /* b2EdgeShape.cpp */,
				525C47E81F5E19A200E6D2C4 /* b2EdgeShape.h */,
				525C47E91F5E19A200E6D2C4 /* b2PolygonShape.cpp */,
				525C47EA1F5E19A200E6D2C4 /* b2PolygonShape.h */,
				525C47EB1F5E19A200E6D2C4 /* b2Shape.h */,
			);
			path = Shapes;
			sourceTree = "<group>";
		};
		525C47EC1F5E19A200E6D2C4 /* Common */ = {
			isa = PBXGroup;
			children = (
				525C47ED1F5E19A200E6D2C4 /* b2BlockAllocator.cpp */,
				525C47EE1F5E19A200E6D2C4 /* b2BlockAllocator.h */,
				525C47EF1F5E19A200E6D2C4 /* b2Draw.cpp */,
				525C47F01F5E19A200E6D2C4 /* b2Draw.h */,
				525C47F11F5E19A200E6D2C4 /* b2FreeList.cpp */,
				525C47F21F5E19A200E6D2C4 /* b2FreeList.h */,
				525C47F31F5E19A200E6D2C4 /* b2GrowableBuffer.h */,
				525C47F41F5E19A200E6D2C4 /* b2GrowableStack.h */,
				525C47F51F5E19A200E6D2C4 /* b2IntrusiveList.h */,
				525C47F61F5E19A200E6D2C4 /* b2Math.cpp */,
				525C47F71F5E19A200E6D2C4 /* b2Math.h */,
				525C47F81F5E19A200E6D2C4 /* b2Settings.cpp */,
				525C47F91F5E19A200E6D2C4 /* b2Settings.h */,
				525C47FA1F5E19A200E6D2C4 /* b2SlabAllocator.h */,
				525C47FB1F5E19A200E6D2C4 /* b2StackAllocator.cpp */,
				525C47FC1F5E19A200E6D2C4 /* b2StackAllocator.h */,
				525C47FD1F5E19A200E6D2C4 /* b2Stat.cpp */,
				525C47FE1F5E19A200E6D2C4 /* b2Stat.h */,
				525C47FF1F5E19A200E6D2C4 /* b2Timer.cpp */,
				525C48001F5E19A200E6D2C4 /* b2Timer.h */,
				525C48011F5E19A200E6D2C4 /* b2TrackedBlock.cpp */,
				525C48021F5E19A200E6D2C4 /* b2TrackedBlock.h */,
			);
			path = Common;
			sourceTree = "<group>";
		};
		525C484D1F5E19A200E6D2C4 /* Dynamics */ = {
			isa = PBXGroup;
			children = (
				525C484E1F5E19A200E6D2C4 /* b2Body.cpp */,
				525C484F1F5E19A200E6D2C4 /* b2Body.h */,
				525C48501F5E19A200E6D2C4 /* b2ContactManager.cpp */,
				525C48511F5E19A200E6D2C4 /* b2ContactManager.h */,
				525C48521F5E19A200E6D2C4 /* b2Fixture.cpp */,
				525C48531F5E19A200E6D2C4 /* b2Fixture.h */,
				525C48541F5E19A200E6D2C4 /* b2Island.cpp */,
				525C48551F5E19A200E6D2C4 /* b2Island.h */,
				525C48561F5E19A200E6D2C4 /* b2TimeStep.h */,
				525C48571F5E19A200E6D2C4 /* b2World.cpp */,
				525C48581F5E19A200E6D2C4 /* b2World.h */,
				525C48591F5E19A200E6D2C4 /* b2WorldCallbacks.cpp */,
				525C485A1F5E19A200E6D2C4 /* b2WorldCallbacks.h */,
				525C485B1F5E19A200E6D2C4 /* Contacts */,
				525C486E1F5E19A200E6D2C4 /* Joints */,
			);
			path = Dynamics;
			sourceTree = "<group>";
		};
		525C485B1F5E19A200E6D2C4 /* Contacts */ = {
			isa = PBXGroup;
			children = (
				525C485C1F5E19A200E6D2C4 /* b2ChainAndCircleContact.cpp */,
				525C485D1F5E19A200E6D2C4 /* b2ChainAndCircleContact.h */,
				525C485E1F5E19A200E6D2C4 /* b2ChainAndPolygonContact.cpp */,
				525C485F1F5E19A200E6D2C4 /* b2ChainAndPolygonContact.h */,
				525C48601F5E19A200E6D2C4 /* b2CircleContact.cpp */,
				525C48611F5E19A200E6D2C4 /* b2CircleContact.h */,
				525C48621F5E19A200E6D2C4 /* b2Contact.cpp */,
				525C48631F5E19A200E6D2C4 /* b2Contact.h */,
				525C48641F5E19A200E6D2C4 /* b2ContactSolver.cpp */,
				525C48651F5E19A200E6D2C4 /* b2ContactSolver.h */,
				525C48661F5E19A200E6D2C4 /* b2EdgeAndCircleContact.cpp */,
				525C48671F5E19A200E6D2C4 /* b2EdgeAndCircleContact.h */,
				525C48681F5E19A200E6D2C4 /* b2EdgeAndPolygonContact.cpp */,
				525C48691F5E19A200E6D2C4 /* b2EdgeAndPolygonContact.h */,
				525C486A1F5E19A200E6D2C4 /* b2PolygonAndCircleContact.cpp */,
				525C486B1F5E19A200E6D2C4 /* b2PolygonAndCircleContact.h */,
				525C486C1F5E19A200E6D2C4 /* b2PolygonContact.cpp */,
				525C486D1F5E19A200E6D2C4 /* b2PolygonContact.h */,
			);
			path = Contacts;
			sourceTree = "<group>";
		};
		525C486E1F5E19A200E6D2C4 /* Joints */ = {
			isa = PBXGroup;
			children = (
				525C486F1F5E19A200E6D2C4 /* b2DistanceJoint.cpp */,
				525C48701F5E19A200E6D2C4 /* b2DistanceJoint.h */,
				525C48711F5E19A200E6D2C4 /* b2FrictionJoint.cpp */,
				525C48721F5E19A200E6D2C4 /* b2FrictionJoint.h */,
				525C48731F5E19A200E6D2C4 /* b2GearJoint.cpp */,
				525C48741F5E19A200E6D2C4 /* b2GearJoint.h */,
				525C48751F5E19A200E6D2C4 /* b2Joint.cpp */,
				525C48761F5E19A200E6D2C4 /* b2Joint.h */,
				525C48771F5E19A200E6D2C4 /* b2MotorJoint.cpp */,
				525C48781F5E19A200E6D2C4 /* b2MotorJoint.h */,
				525C48791F5E19A200E6D2C4 /* b2MouseJoint.cpp */,
				525C487A1F5E19A200E6D2C4 /* b2MouseJoint.h */,
				525C487B1F5E19A200E6D2C4 /* b2PrismaticJoint.cpp */,
				525C487C1F5E19A200E6D2C4 /* b2PrismaticJoint.h */,
				525C487D1F5E19A200E6D2C4 /* b2PulleyJoint.cpp */,
				525C487E1F5E19A200E6D2C4 /* b2PulleyJoint.h */,
				525C487F1F5E19A200E6D2C4 /* b2RevoluteJoint.cpp */,
				525C48801F5E19A200E6D2C4 /* b2RevoluteJoint.h */,
				525C48811F5E19A200E6D2C4 /* b2RopeJoint.cpp */,
				525C48821F5E19A200E6D2C4 /* b2RopeJoint.h */,
				525C48831F5E19A200E6D2C4 /* b2WeldJoint.cpp */,
				525C48841F5E19A200E6D2C4 /* b2WeldJoint.h */,
				525C48851F5E19A200E6D2C4 /* b2WheelJoint.cpp */,
				525C48861F5E19A200E6D2C4 /* b2WheelJoint.h */,
			);
			path = Joints;
			sourceTree = "<group>";
		};
		525C48871F5E19A200E6D2C4 /* Particle */ = {
			isa = PBXGroup;
			children = (
				525C48881F5E19A200E6D2C4 /* b2Particle.cpp */,
				525C48891F5E19A200E6D2C4 /* b2Particle.h */,
				525C488D1F5E19A200E6D2C4 /* b2ParticleGroup.cpp */,
				525C488E1F5E19A200E6D2C4 /* b2ParticleGroup.h */,
				525C488F1F5E19A200E6D2C4 /* b2ParticleSystem.cpp */,
				525C48901F5E19A200E6D2C4 /* b2ParticleSystem.h */,
				525C48911F5E19A200E6D2C4 /* b2StackQueue.h */,
				525C48921F5E19A200E6D2C4 /* b2VoronoiDiagram.cpp */,
				525C48931F5E19A200E6D2C4 /* b2VoronoiDiagram.h */,
			);
			path = Particle;
			sourceTree = "<group>";
		};
		525C48941F5E19A200E6D2C4 /* Rope */ = {
			isa = PBXGroup;
			children = (
				525C48951F5E19A200E6D2C4 /* b2Rope.cpp */,
				525C48961F5E19A200E6D2C4 /* b2Rope.h */,
			);
			path = Rope;
			sourceTree = "<group>";
		};
/* End PBXGroup section */

/* Begin PBXNativeTarget section */
		525C47B81F5E197C00E6D2C4 /* LiquidMetal */ = {
			isa = PBXNativeTarget;
			buildConfigurationList = 525C47CB1F5E197C00E6D2C4 /* Build configuration list for PBXNativeTarget "LiquidMetal" */;
			buildPhases = (
				525C47B51F5E197C00E6D2C4 /* Sources */,
				525C47B61F5E197C00E6D2C4 /* Frameworks */,
				525C47B71F5E197C00E6D2C4 /* Resources */,
			);
			buildRules = (
			);
			dependencies = (
			);
			name = LiquidMetal;
			productName = LiquidMetal;
			productReference = 525C47B91F5E197C00E6D2C4 /* LiquidMetal.app */;
			productType = "com.apple.product-type.application";
		};
/* End PBXNativeTarget section */

/* Begin PBXProject section */
		525C47B11F5E197C00E6D2C4 /* Project object */ = {
			isa = PBXProject;
			attributes = {
				LastSwiftUpdateCheck = 0830;
				LastUpgradeCheck = 0900;
				ORGANIZATIONNAME = "John Koszarek";
				TargetAttributes = {
					525C47B81F5E197C00E6D2C4 = {
						CreatedOnToolsVersion = 8.3.3;
						DevelopmentTeam = X3963UDD36;
						LastSwiftMigration = 0900;
						ProvisioningStyle = Automatic;
					};
				};
			};
			buildConfigurationList = 525C47B41F5E197C00E6D2C4 /* Build configuration list for PBXProject "LiquidMetal" */;
			compatibilityVersion = "Xcode 3.2";
			developmentRegion = English;
			hasScannedForEncodings = 0;
			knownRegions = (
				en,
				Base,
			);
			mainGroup = 525C47B01F5E197C00E6D2C4;
			productRefGroup = 525C47BA1F5E197C00E6D2C4 /* Products */;
			projectDirPath = "";
			projectRoot = "";
			targets = (
				525C47B81F5E197C00E6D2C4 /* LiquidMetal */,
			);
		};
/* End PBXProject section */

/* Begin PBXResourcesBuildPhase section */
		525C47B71F5E197C00E6D2C4 /* Resources */ = {
			isa = PBXResourcesBuildPhase;
			buildActionMask = 2147483647;
			files = (
				525C47C71F5E197C00E6D2C4 /* LaunchScreen.storyboard in Resources */,
				524C0AC820196501009D8C69 /* pop_drip.wav in Resources */,
				525C47C41F5E197C00E6D2C4 /* Assets.xcassets in Resources */,
				525C47C21F5E197C00E6D2C4 /* Main.storyboard in Resources */,
			);
			runOnlyForDeploymentPostprocessing = 0;
		};
/* End PBXResourcesBuildPhase section */

/* Begin PBXSourcesBuildPhase section */
		525C47B51F5E197C00E6D2C4 /* Sources */ = {
			isa = PBXSourcesBuildPhase;
			buildActionMask = 2147483647;
			files = (
				525C491C1F689D3200E6D2C4 /* Shaders.metal in Sources */,
				525C489C1F5E19A200E6D2C4 /* b2BroadPhase.cpp in Sources */,
				525C49131F5E19A200E6D2C4 /* b2ParticleSystem.cpp in Sources */,
				525C490A1F5E19A200E6D2C4 /* b2PulleyJoint.cpp in Sources */,
				525C490F1F5E19A200E6D2C4 /* b2Particle.cpp in Sources */,
				525C48AB1F5E19A200E6D2C4 /* b2Math.cpp in Sources */,
				525C49041F5E19A200E6D2C4 /* b2FrictionJoint.cpp in Sources */,
				525C49061F5E19A200E6D2C4 /* b2Joint.cpp in Sources */,
				525C49191F60C6A500E6D2C4 /* LiquidFun.mm in Sources */,
				525C490E1F5E19A200E6D2C4 /* b2WheelJoint.cpp in Sources */,
				525C49051F5E19A200E6D2C4 /* b2GearJoint.cpp in Sources */,
				525C47BF1F5E197C00E6D2C4 /* ViewController.swift in Sources */,
				525C48A71F5E19A200E6D2C4 /* b2PolygonShape.cpp in Sources */,
				525C49021F5E19A200E6D2C4 /* b2PolygonContact.cpp in Sources */,
				525C48F51F5E19A200E6D2C4 /* b2ContactManager.cpp in Sources */,
				525C48FD1F5E19A200E6D2C4 /* b2Contact.cpp in Sources */,
				525C48F81F5E19A200E6D2C4 /* b2World.cpp in Sources */,
				525C48FF1F5E19A200E6D2C4 /* b2EdgeAndCircleContact.cpp in Sources */,
				525C48FB1F5E19A200E6D2C4 /* b2ChainAndPolygonContact.cpp in Sources */,
				525C48B01F5E19A200E6D2C4 /* b2TrackedBlock.cpp in Sources */,
				525C48A41F5E19A200E6D2C4 /* b2ChainShape.cpp in Sources */,
				525C48A01F5E19A200E6D2C4 /* b2Collision.cpp in Sources */,
				525C48A61F5E19A200E6D2C4 /* b2EdgeShape.cpp in Sources */,
				525C49151F5E19A200E6D2C4 /* b2Rope.cpp in Sources */,
				525C489E1F5E19A200E6D2C4 /* b2CollideEdge.cpp in Sources */,
				525C49071F5E19A200E6D2C4 /* b2MotorJoint.cpp in Sources */,
				525C48F41F5E19A200E6D2C4 /* b2Body.cpp in Sources */,
				525C49141F5E19A200E6D2C4 /* b2VoronoiDiagram.cpp in Sources */,
				525C49091F5E19A200E6D2C4 /* b2PrismaticJoint.cpp in Sources */,
				525C48A51F5E19A200E6D2C4 /* b2CircleShape.cpp in Sources */,
				525C48FE1F5E19A200E6D2C4 /* b2ContactSolver.cpp in Sources */,
				525C489F1F5E19A200E6D2C4 /* b2CollidePolygon.cpp in Sources */,
				525C49011F5E19A200E6D2C4 /* b2PolygonAndCircleContact.cpp in Sources */,
				525C48AA1F5E19A200E6D2C4 /* b2FreeList.cpp in Sources */,
				525C48A81F5E19A200E6D2C4 /* b2BlockAllocator.cpp in Sources */,
				525C48AD1F5E19A200E6D2C4 /* b2StackAllocator.cpp in Sources */,
				525C49031F5E19A200E6D2C4 /* b2DistanceJoint.cpp in Sources */,
				525C49001F5E19A200E6D2C4 /* b2EdgeAndPolygonContact.cpp in Sources */,
				525C48A31F5E19A200E6D2C4 /* b2TimeOfImpact.cpp in Sources */,
				525C48FC1F5E19A200E6D2C4 /* b2CircleContact.cpp in Sources */,
				525C489D1F5E19A200E6D2C4 /* b2CollideCircle.cpp in Sources */,
				525C48A11F5E19A200E6D2C4 /* b2Distance.cpp in Sources */,
				525C48A91F5E19A200E6D2C4 /* b2Draw.cpp in Sources */,
				525C490B1F5E19A200E6D2C4 /* b2RevoluteJoint.cpp in Sources */,
				525C48AF1F5E19A200E6D2C4 /* b2Timer.cpp in Sources */,
				525C490C1F5E19A200E6D2C4 /* b2RopeJoint.cpp in Sources */,
				525C48FA1F5E19A200E6D2C4 /* b2ChainAndCircleContact.cpp in Sources */,
				525C48AC1F5E19A200E6D2C4 /* b2Settings.cpp in Sources */,
				525C48F71F5E19A200E6D2C4 /* b2Island.cpp in Sources */,
				52B5D7282006F94500DA7389 /* Engine.swift in Sources */,
				525C49081F5E19A200E6D2C4 /* b2MouseJoint.cpp in Sources */,
				525C48AE1F5E19A200E6D2C4 /* b2Stat.cpp in Sources */,
				525C49121F5E19A200E6D2C4 /* b2ParticleGroup.cpp in Sources */,
				525C490D1F5E19A200E6D2C4 /* b2WeldJoint.cpp in Sources */,
				525C47BD1F5E197C00E6D2C4 /* AppDelegate.swift in Sources */,
				525C48F61F5E19A200E6D2C4 /* b2Fixture.cpp in Sources */,
				525C48A21F5E19A200E6D2C4 /* b2DynamicTree.cpp in Sources */,
				525C48F91F5E19A200E6D2C4 /* b2WorldCallbacks.cpp in Sources */,
				31DD0B9AD0CCAA4BAA59E1B0 /* Math.swift in Sources */,
				31DD0D14973937EA19349BBD /* ShaderBuffers.swift in Sources */,
			);
			runOnlyForDeploymentPostprocessing = 0;
		};
/* End PBXSourcesBuildPhase section */

/* Begin PBXVariantGroup section */
		525C47C01F5E197C00E6D2C4 /* Main.storyboard */ = {
			isa = PBXVariantGroup;
			children = (
				525C47C11F5E197C00E6D2C4 /* Base */,
			);
			name = Main.storyboard;
			sourceTree = "<group>";
		};
		525C47C51F5E197C00E6D2C4 /* LaunchScreen.storyboard */ = {
			isa = PBXVariantGroup;
			children = (
				525C47C61F5E197C00E6D2C4 /* Base */,
			);
			name = LaunchScreen.storyboard;
			sourceTree = "<group>";
		};
/* End PBXVariantGroup section */

/* Begin XCBuildConfiguration section */
		525C47C91F5E197C00E6D2C4 /* Debug */ = {
			isa = XCBuildConfiguration;
			buildSettings = {
				ALWAYS_SEARCH_USER_PATHS = NO;
				CLANG_ANALYZER_NONNULL = YES;
				CLANG_ANALYZER_NUMBER_OBJECT_CONVERSION = YES_AGGRESSIVE;
				CLANG_CXX_LANGUAGE_STANDARD = "gnu++0x";
				CLANG_CXX_LIBRARY = "libc++";
				CLANG_ENABLE_MODULES = YES;
				CLANG_ENABLE_OBJC_ARC = YES;
				CLANG_WARN_BLOCK_CAPTURE_AUTORELEASING = YES;
				CLANG_WARN_BOOL_CONVERSION = YES;
				CLANG_WARN_COMMA = YES;
				CLANG_WARN_CONSTANT_CONVERSION = YES;
				CLANG_WARN_DIRECT_OBJC_ISA_USAGE = YES_ERROR;
				CLANG_WARN_DOCUMENTATION_COMMENTS = YES;
				CLANG_WARN_EMPTY_BODY = YES;
				CLANG_WARN_ENUM_CONVERSION = YES;
				CLANG_WARN_INFINITE_RECURSION = YES;
				CLANG_WARN_INT_CONVERSION = YES;
				CLANG_WARN_NON_LITERAL_NULL_CONVERSION = YES;
				CLANG_WARN_OBJC_LITERAL_CONVERSION = YES;
				CLANG_WARN_OBJC_ROOT_CLASS = YES_ERROR;
				CLANG_WARN_RANGE_LOOP_ANALYSIS = YES;
				CLANG_WARN_STRICT_PROTOTYPES = YES;
				CLANG_WARN_SUSPICIOUS_MOVE = YES;
				CLANG_WARN_UNREACHABLE_CODE = YES;
				CLANG_WARN__DUPLICATE_METHOD_MATCH = YES;
				"CODE_SIGN_IDENTITY[sdk=iphoneos*]" = "iPhone Developer";
				COPY_PHASE_STRIP = NO;
				DEBUG_INFORMATION_FORMAT = dwarf;
				ENABLE_STRICT_OBJC_MSGSEND = YES;
				ENABLE_TESTABILITY = YES;
				GCC_C_LANGUAGE_STANDARD = gnu99;
				GCC_DYNAMIC_NO_PIC = NO;
				GCC_NO_COMMON_BLOCKS = YES;
				GCC_OPTIMIZATION_LEVEL = 0;
				GCC_PREPROCESSOR_DEFINITIONS = (
					"DEBUG=1",
					"$(inherited)",
				);
				GCC_WARN_64_TO_32_BIT_CONVERSION = YES;
				GCC_WARN_ABOUT_RETURN_TYPE = YES_ERROR;
				GCC_WARN_UNDECLARED_SELECTOR = YES;
				GCC_WARN_UNINITIALIZED_AUTOS = YES_AGGRESSIVE;
				GCC_WARN_UNUSED_FUNCTION = YES;
				GCC_WARN_UNUSED_VARIABLE = YES;
				IPHONEOS_DEPLOYMENT_TARGET = 10.3;
				MTL_ENABLE_DEBUG_INFO = YES;
				ONLY_ACTIVE_ARCH = YES;
				SDKROOT = iphoneos;
				SWIFT_ACTIVE_COMPILATION_CONDITIONS = DEBUG;
				SWIFT_OPTIMIZATION_LEVEL = "-Onone";
				SWIFT_SWIFT3_OBJC_INFERENCE = Off;
				TARGETED_DEVICE_FAMILY = "1,2";
			};
			name = Debug;
		};
		525C47CA1F5E197C00E6D2C4 /* Release */ = {
			isa = XCBuildConfiguration;
			buildSettings = {
				ALWAYS_SEARCH_USER_PATHS = NO;
				CLANG_ANALYZER_NONNULL = YES;
				CLANG_ANALYZER_NUMBER_OBJECT_CONVERSION = YES_AGGRESSIVE;
				CLANG_CXX_LANGUAGE_STANDARD = "gnu++0x";
				CLANG_CXX_LIBRARY = "libc++";
				CLANG_ENABLE_MODULES = YES;
				CLANG_ENABLE_OBJC_ARC = YES;
				CLANG_WARN_BLOCK_CAPTURE_AUTORELEASING = YES;
				CLANG_WARN_BOOL_CONVERSION = YES;
				CLANG_WARN_COMMA = YES;
				CLANG_WARN_CONSTANT_CONVERSION = YES;
				CLANG_WARN_DIRECT_OBJC_ISA_USAGE = YES_ERROR;
				CLANG_WARN_DOCUMENTATION_COMMENTS = YES;
				CLANG_WARN_EMPTY_BODY = YES;
				CLANG_WARN_ENUM_CONVERSION = YES;
				CLANG_WARN_INFINITE_RECURSION = YES;
				CLANG_WARN_INT_CONVERSION = YES;
				CLANG_WARN_NON_LITERAL_NULL_CONVERSION = YES;
				CLANG_WARN_OBJC_LITERAL_CONVERSION = YES;
				CLANG_WARN_OBJC_ROOT_CLASS = YES_ERROR;
				CLANG_WARN_RANGE_LOOP_ANALYSIS = YES;
				CLANG_WARN_STRICT_PROTOTYPES = YES;
				CLANG_WARN_SUSPICIOUS_MOVE = YES;
				CLANG_WARN_UNREACHABLE_CODE = YES;
				CLANG_WARN__DUPLICATE_METHOD_MATCH = YES;
				"CODE_SIGN_IDENTITY[sdk=iphoneos*]" = "iPhone Developer";
				COPY_PHASE_STRIP = NO;
				DEBUG_INFORMATION_FORMAT = "dwarf-with-dsym";
				ENABLE_NS_ASSERTIONS = NO;
				ENABLE_STRICT_OBJC_MSGSEND = YES;
				GCC_C_LANGUAGE_STANDARD = gnu99;
				GCC_NO_COMMON_BLOCKS = YES;
				GCC_WARN_64_TO_32_BIT_CONVERSION = YES;
				GCC_WARN_ABOUT_RETURN_TYPE = YES_ERROR;
				GCC_WARN_UNDECLARED_SELECTOR = YES;
				GCC_WARN_UNINITIALIZED_AUTOS = YES_AGGRESSIVE;
				GCC_WARN_UNUSED_FUNCTION = YES;
				GCC_WARN_UNUSED_VARIABLE = YES;
				IPHONEOS_DEPLOYMENT_TARGET = 10.3;
				MTL_ENABLE_DEBUG_INFO = NO;
				SDKROOT = iphoneos;
				SWIFT_OPTIMIZATION_LEVEL = "-Owholemodule";
				SWIFT_SWIFT3_OBJC_INFERENCE = Off;
				TARGETED_DEVICE_FAMILY = "1,2";
				VALIDATE_PRODUCT = YES;
			};
			name = Release;
		};
		525C47CC1F5E197C00E6D2C4 /* Debug */ = {
			isa = XCBuildConfiguration;
			buildSettings = {
				ASSETCATALOG_COMPILER_APPICON_NAME = AppIcon;
				DEVELOPMENT_TEAM = X3963UDD36;
				HEADER_SEARCH_PATHS = "$(SRCROOT)/LiquidMetal";
				INFOPLIST_FILE = LiquidMetal/Info.plist;
				LD_RUNPATH_SEARCH_PATHS = "$(inherited) @executable_path/Frameworks";
				PRODUCT_BUNDLE_IDENTIFIER = Ouroboros.LiquidMetal;
				PRODUCT_NAME = "$(TARGET_NAME)";
				SWIFT_OBJC_BRIDGING_HEADER = LiquidMetal/BridgingHeader.h;
				SWIFT_SWIFT3_OBJC_INFERENCE = Off;
				SWIFT_VERSION = 4.0;
			};
			name = Debug;
		};
		525C47CD1F5E197C00E6D2C4 /* Release */ = {
			isa = XCBuildConfiguration;
			buildSettings = {
				ASSETCATALOG_COMPILER_APPICON_NAME = AppIcon;
				DEVELOPMENT_TEAM = X3963UDD36;
				HEADER_SEARCH_PATHS = "$(SRCROOT)/LiquidMetal";
				INFOPLIST_FILE = LiquidMetal/Info.plist;
				LD_RUNPATH_SEARCH_PATHS = "$(inherited) @executable_path/Frameworks";
				PRODUCT_BUNDLE_IDENTIFIER = Ouroboros.LiquidMetal;
				PRODUCT_NAME = "$(TARGET_NAME)";
				SWIFT_OBJC_BRIDGING_HEADER = LiquidMetal/BridgingHeader.h;
				SWIFT_SWIFT3_OBJC_INFERENCE = Off;
				SWIFT_VERSION = 4.0;
			};
			name = Release;
		};
/* End XCBuildConfiguration section */

/* Begin XCConfigurationList section */
		525C47B41F5E197C00E6D2C4 /* Build configuration list for PBXProject "LiquidMetal" */ = {
			isa = XCConfigurationList;
			buildConfigurations = (
				525C47C91F5E197C00E6D2C4 /* Debug */,
				525C47CA1F5E197C00E6D2C4 /* Release */,
			);
			defaultConfigurationIsVisible = 0;
			defaultConfigurationName = Release;
		};
		525C47CB1F5E197C00E6D2C4 /* Build configuration list for PBXNativeTarget "LiquidMetal" */ = {
			isa = XCConfigurationList;
			buildConfigurations = (
				525C47CC1F5E197C00E6D2C4 /* Debug */,
				525C47CD1F5E197C00E6D2C4 /* Release */,
			);
			defaultConfigurationIsVisible = 0;
			defaultConfigurationName = Release;
		};
/* End XCConfigurationList section */
	};
	rootObject = 525C47B11F5E197C00E6D2C4 /* Project object */;
}
